
Microsoft Visual Studio Solution File, Format Version 12.00
# Visual Studio 14
VisualStudioVersion = 14.0.25420.1
MinimumVisualStudioVersion = 10.0.40219.1
Project("{FAE04EC0-301F-11D3-BF4B-00C04F79EFBC}") = "MP-L4-T1", "MP-L4-T1\MP-L4-T1.csproj", "{AFDFB6E5-D3F6-47E9-BFE0-1304B3F27AEE}"
EndProject
Project("{FAE04EC0-301F-11D3-BF4B-00C04F79EFBC}") = "MP-L4-T2", "MP-L4-T2\MP-L4-T2.csproj", "{00AF61F7-39C5-4859-86EF-2B842C790AC5}"
EndProject
Project("{FAE04EC0-301F-11D3-BF4B-00C04F79EFBC}") = "MP-L4-T3", "MP-L4-T3\MP-L4-T3.csproj", "{EB508F6B-8A50-46E0-B236-9DA1E66E1117}"
EndProject
Project("{FAE04EC0-301F-11D3-BF4B-00C04F79EFBC}") = "MP-L4-T4", "MP-L4-T4\MP-L4-T4.csproj", "{46B80C90-F258-4B0A-AE38-B30013DCE621}"
EndProject
Project("{FAE04EC0-301F-11D3-BF4B-00C04F79EFBC}") = "MP-L4-T5", "MP-L4-T5\MP-L4-T5.csproj", "{E6969C2C-5822-4A69-BCFD-68865CBC2953}"
EndProject
Global
	GlobalSection(SolutionConfigurationPlatforms) = preSolution
		Debug|Any CPU = Debug|Any CPU
		Debug|ARM = Debug|ARM
		Debug|x86 = Debug|x86
		Release|Any CPU = Release|Any CPU
		Release|ARM = Release|ARM
		Release|x86 = Release|x86
	EndGlobalSection
	GlobalSection(ProjectConfigurationPlatforms) = postSolution
		{AFDFB6E5-D3F6-47E9-BFE0-1304B3F27AEE}.Debug|Any CPU.ActiveCfg = Debug|Any CPU
		{AFDFB6E5-D3F6-47E9-BFE0-1304B3F27AEE}.Debug|Any CPU.Build.0 = Debug|Any CPU
		{AFDFB6E5-D3F6-47E9-BFE0-1304B3F27AEE}.Debug|Any CPU.Deploy.0 = Debug|Any CPU
		{AFDFB6E5-D3F6-47E9-BFE0-1304B3F27AEE}.Debug|ARM.ActiveCfg = Debug|ARM
		{AFDFB6E5-D3F6-47E9-BFE0-1304B3F27AEE}.Debug|ARM.Build.0 = Debug|ARM
		{AFDFB6E5-D3F6-47E9-BFE0-1304B3F27AEE}.Debug|ARM.Deploy.0 = Debug|ARM
		{AFDFB6E5-D3F6-47E9-BFE0-1304B3F27AEE}.Debug|x86.ActiveCfg = Debug|x86
		{AFDFB6E5-D3F6-47E9-BFE0-1304B3F27AEE}.Debug|x86.Build.0 = Debug|x86
		{AFDFB6E5-D3F6-47E9-BFE0-1304B3F27AEE}.Debug|x86.Deploy.0 = Debug|x86
		{AFDFB6E5-D3F6-47E9-BFE0-1304B3F27AEE}.Release|Any CPU.ActiveCfg = Release|Any CPU
		{AFDFB6E5-D3F6-47E9-BFE0-1304B3F27AEE}.Release|Any CPU.Build.0 = Release|Any CPU
		{AFDFB6E5-D3F6-47E9-BFE0-1304B3F27AEE}.Release|Any CPU.Deploy.0 = Release|Any CPU
		{AFDFB6E5-D3F6-47E9-BFE0-1304B3F27AEE}.Release|ARM.ActiveCfg = Release|ARM
		{AFDFB6E5-D3F6-47E9-BFE0-1304B3F27AEE}.Release|ARM.Build.0 = Release|ARM
		{AFDFB6E5-D3F6-47E9-BFE0-1304B3F27AEE}.Release|ARM.Deploy.0 = Release|ARM
		{AFDFB6E5-D3F6-47E9-BFE0-1304B3F27AEE}.Release|x86.ActiveCfg = Release|x86
		{AFDFB6E5-D3F6-47E9-BFE0-1304B3F27AEE}.Release|x86.Build.0 = Release|x86
		{AFDFB6E5-D3F6-47E9-BFE0-1304B3F27AEE}.Release|x86.Deploy.0 = Release|x86
		{00AF61F7-39C5-4859-86EF-2B842C790AC5}.Debug|Any CPU.ActiveCfg = Debug|Any CPU
		{00AF61F7-39C5-4859-86EF-2B842C790AC5}.Debug|Any CPU.Build.0 = Debug|Any CPU
		{00AF61F7-39C5-4859-86EF-2B842C790AC5}.Debug|Any CPU.Deploy.0 = Debug|Any CPU
		{00AF61F7-39C5-4859-86EF-2B842C790AC5}.Debug|ARM.ActiveCfg = Debug|ARM
		{00AF61F7-39C5-4859-86EF-2B842C790AC5}.Debug|ARM.Build.0 = Debug|ARM
		{00AF61F7-39C5-4859-86EF-2B842C790AC5}.Debug|ARM.Deploy.0 = Debug|ARM
		{00AF61F7-39C5-4859-86EF-2B842C790AC5}.Debug|x86.ActiveCfg = Debug|x86
		{00AF61F7-39C5-4859-86EF-2B842C790AC5}.Debug|x86.Build.0 = Debug|x86
		{00AF61F7-39C5-4859-86EF-2B842C790AC5}.Debug|x86.Deploy.0 = Debug|x86
		{00AF61F7-39C5-4859-86EF-2B842C790AC5}.Release|Any CPU.ActiveCfg = Release|Any CPU
		{00AF61F7-39C5-4859-86EF-2B842C790AC5}.Release|Any CPU.Build.0 = Release|Any CPU
		{00AF61F7-39C5-4859-86EF-2B842C790AC5}.Release|Any CPU.Deploy.0 = Release|Any CPU
		{00AF61F7-39C5-4859-86EF-2B842C790AC5}.Release|ARM.ActiveCfg = Release|ARM
		{00AF61F7-39C5-4859-86EF-2B842C790AC5}.Release|ARM.Build.0 = Release|ARM
		{00AF61F7-39C5-4859-86EF-2B842C790AC5}.Release|ARM.Deploy.0 = Release|ARM
		{00AF61F7-39C5-4859-86EF-2B842C790AC5}.Release|x86.ActiveCfg = Release|x86
		{00AF61F7-39C5-4859-86EF-2B842C790AC5}.Release|x86.Build.0 = Release|x86
		{00AF61F7-39C5-4859-86EF-2B842C790AC5}.Release|x86.Deploy.0 = Release|x86
		{EB508F6B-8A50-46E0-B236-9DA1E66E1117}.Debug|Any CPU.ActiveCfg = Debug|Any CPU
		{EB508F6B-8A50-46E0-B236-9DA1E66E1117}.Debug|Any CPU.Build.0 = Debug|Any CPU
		{EB508F6B-8A50-46E0-B236-9DA1E66E1117}.Debug|Any CPU.Deploy.0 = Debug|Any CPU
		{EB508F6B-8A50-46E0-B236-9DA1E66E1117}.Debug|ARM.ActiveCfg = Debug|ARM
		{EB508F6B-8A50-46E0-B236-9DA1E66E1117}.Debug|ARM.Build.0 = Debug|ARM
		{EB508F6B-8A50-46E0-B236-9DA1E66E1117}.Debug|ARM.Deploy.0 = Debug|ARM
		{EB508F6B-8A50-46E0-B236-9DA1E66E1117}.Debug|x86.ActiveCfg = Debug|x86
		{EB508F6B-8A50-46E0-B236-9DA1E66E1117}.Debug|x86.Build.0 = Debug|x86
		{EB508F6B-8A50-46E0-B236-9DA1E66E1117}.Debug|x86.Deploy.0 = Debug|x86
		{EB508F6B-8A50-46E0-B236-9DA1E66E1117}.Release|Any CPU.ActiveCfg = Release|Any CPU
		{EB508F6B-8A50-46E0-B236-9DA1E66E1117}.Release|Any CPU.Build.0 = Release|Any CPU
		{EB508F6B-8A50-46E0-B236-9DA1E66E1117}.Release|Any CPU.Deploy.0 = Release|Any CPU
		{EB508F6B-8A50-46E0-B236-9DA1E66E1117}.Release|ARM.ActiveCfg = Release|ARM
		{EB508F6B-8A50-46E0-B236-9DA1E66E1117}.Release|ARM.Build.0 = Release|ARM
		{EB508F6B-8A50-46E0-B236-9DA1E66E1117}.Release|ARM.Deploy.0 = Release|ARM
		{EB508F6B-8A50-46E0-B236-9DA1E66E1117}.Release|x86.ActiveCfg = Release|x86
		{EB508F6B-8A50-46E0-B236-9DA1E66E1117}.Release|x86.Build.0 = Release|x86
		{EB508F6B-8A50-46E0-B236-9DA1E66E1117}.Release|x86.Deploy.0 = Release|x86
		{46B80C90-F258-4B0A-AE38-B30013DCE621}.Debug|Any CPU.ActiveCfg = Debug|Any CPU
		{46B80C90-F258-4B0A-AE38-B30013DCE621}.Debug|Any CPU.Build.0 = Debug|Any CPU
		{46B80C90-F258-4B0A-AE38-B30013DCE621}.Debug|Any CPU.Deploy.0 = Debug|Any CPU
		{46B80C90-F258-4B0A-AE38-B30013DCE621}.Debug|ARM.ActiveCfg = Debug|ARM
		{46B80C90-F258-4B0A-AE38-B30013DCE621}.Debug|ARM.Build.0 = Debug|ARM
		{46B80C90-F258-4B0A-AE38-B30013DCE621}.Debug|ARM.Deploy.0 = Debug|ARM
		{46B80C90-F258-4B0A-AE38-B30013DCE621}.Debug|x86.ActiveCfg = Debug|x86
		{46B80C90-F258-4B0A-AE38-B30013DCE621}.Debug|x86.Build.0 = Debug|x86
		{46B80C90-F258-4B0A-AE38-B30013DCE621}.Debug|x86.Deploy.0 = Debug|x86
		{46B80C90-F258-4B0A-AE38-B30013DCE621}.Release|Any CPU.ActiveCfg = Release|Any CPU
		{46B80C90-F258-4B0A-AE38-B30013DCE621}.Release|Any CPU.Build.0 = Release|Any CPU
		{46B80C90-F258-4B0A-AE38-B30013DCE621}.Release|Any CPU.Deploy.0 = Release|Any CPU
		{46B80C90-F258-4B0A-AE38-B30013DCE621}.Release|ARM.ActiveCfg = Release|ARM
		{46B80C90-F258-4B0A-AE38-B30013DCE621}.Release|ARM.Build.0 = Release|ARM
		{46B80C90-F258-4B0A-AE38-B30013DCE621}.Release|ARM.Deploy.0 = Release|ARM
		{46B80C90-F258-4B0A-AE38-B30013DCE621}.Release|x86.ActiveCfg = Release|x86
		{46B80C90-F258-4B0A-AE38-B30013DCE621}.Release|x86.Build.0 = Release|x86
		{46B80C90-F258-4B0A-AE38-B30013DCE621}.Release|x86.Deploy.0 = Release|x86
		{E6969C2C-5822-4A69-BCFD-68865CBC2953}.Debug|Any CPU.ActiveCfg = Debug|Any CPU
		{E6969C2C-5822-4A69-BCFD-68865CBC2953}.Debug|Any CPU.Build.0 = Debug|Any CPU
		{E6969C2C-5822-4A69-BCFD-68865CBC2953}.Debug|Any CPU.Deploy.0 = Debug|Any CPU
		{E6969C2C-5822-4A69-BCFD-68865CBC2953}.Debug|ARM.ActiveCfg = Debug|ARM
		{E6969C2C-5822-4A69-BCFD-68865CBC2953}.Debug|ARM.Build.0 = Debug|ARM
		{E6969C2C-5822-4A69-BCFD-68865CBC2953}.Debug|ARM.Deploy.0 = Debug|ARM
		{E6969C2C-5822-4A69-BCFD-68865CBC2953}.Debug|x86.ActiveCfg = Debug|x86
		{E6969C2C-5822-4A69-BCFD-68865CBC2953}.Debug|x86.Build.0 = Debug|x86
		{E6969C2C-5822-4A69-BCFD-68865CBC2953}.Debug|x86.Deploy.0 = Debug|x86
		{E6969C2C-5822-4A69-BCFD-68865CBC2953}.Release|Any CPU.ActiveCfg = Release|Any CPU
		{E6969C2C-5822-4A69-BCFD-68865CBC2953}.Release|Any CPU.Build.0 = Release|Any CPU
		{E6969C2C-5822-4A69-BCFD-68865CBC2953}.Release|Any CPU.Deploy.0 = Release|Any CPU
		{E6969C2C-5822-4A69-BCFD-68865CBC2953}.Release|ARM.ActiveCfg = Release|ARM
		{E6969C2C-5822-4A69-BCFD-68865CBC2953}.Release|ARM.Build.0 = Release|ARM
		{E6969C2C-5822-4A69-BCFD-68865CBC2953}.Release|ARM.Deploy.0 = Release|ARM
		{E6969C2C-5822-4A69-BCFD-68865CBC2953}.Release|x86.ActiveCfg = Release|x86
		{E6969C2C-5822-4A69-BCFD-68865CBC2953}.Release|x86.Build.0 = Release|x86
		{E6969C2C-5822-4A69-BCFD-68865CBC2953}.Release|x86.Deploy.0 = Release|x86
	EndGlobalSection
	GlobalSection(SolutionProperties) = preSolution
		HideSolutionNode = FALSE
	EndGlobalSection
EndGlobal
